
Microsoft Visual Studio Solution File, Format Version 12.00
# Visual Studio 15
VisualStudioVersion = 15.0.28307.421
MinimumVisualStudioVersion = 10.0.40219.1
Project("{FAE04EC0-301F-11D3-BF4B-00C04F79EFBC}") = "CookBook.DAL", "CookBook.DAL\CookBook.DAL.csproj", "{24C67F6D-7167-415E-881F-6B129FE10997}"
EndProject
Project("{FAE04EC0-301F-11D3-BF4B-00C04F79EFBC}") = "CookBook.DAL.Tests", "CookBook.DAL.Tests\CookBook.DAL.Tests.csproj", "{C62DBEF1-79FD-474D-AFFB-7116F18DD360}"
EndProject
Global
	GlobalSection(SolutionConfigurationPlatforms) = preSolution
		Debug|Any CPU = Debug|Any CPU
		Release|Any CPU = Release|Any CPU
	EndGlobalSection
	GlobalSection(ProjectConfigurationPlatforms) = postSolution
		{24C67F6D-7167-415E-881F-6B129FE10997}.Debug|Any CPU.ActiveCfg = Debug|Any CPU
		{24C67F6D-7167-415E-881F-6B129FE10997}.Debug|Any CPU.Build.0 = Debug|Any CPU
		{24C67F6D-7167-415E-881F-6B129FE10997}.Release|Any CPU.ActiveCfg = Release|Any CPU
		{24C67F6D-7167-415E-881F-6B129FE10997}.Release|Any CPU.Build.0 = Release|Any CPU
		{C62DBEF1-79FD-474D-AFFB-7116F18DD360}.Debug|Any CPU.ActiveCfg = Debug|Any CPU
		{C62DBEF1-79FD-474D-AFFB-7116F18DD360}.Debug|Any CPU.Build.0 = Debug|Any CPU
		{C62DBEF1-79FD-474D-AFFB-7116F18DD360}.Release|Any CPU.ActiveCfg = Release|Any CPU
		{C62DBEF1-79FD-474D-AFFB-7116F18DD360}.Release|Any CPU.Build.0 = Release|Any CPU
	EndGlobalSection
	GlobalSection(SolutionProperties) = preSolution
		HideSolutionNode = FALSE
	EndGlobalSection
	GlobalSection(ExtensibilityGlobals) = postSolution
		SolutionGuid = {97537A37-D618-4093-8AB2-05C2779E1D9B}
	EndGlobalSection
EndGlobal
