
Microsoft Visual Studio Solution File, Format Version 12.00
# Visual Studio Version 16
VisualStudioVersion = 16.0.29814.53
MinimumVisualStudioVersion = 10.0.40219.1
Project("{9A19103F-16F7-4668-BE54-9A1E7A4F7556}") = "CookBook.DAL", "CookBook.DAL\CookBook.DAL.csproj", "{24C67F6D-7167-415E-881F-6B129FE10997}"
EndProject
Project("{9A19103F-16F7-4668-BE54-9A1E7A4F7556}") = "CookBook.DAL.Tests", "CookBook.DAL.Tests\CookBook.DAL.Tests.csproj", "{C62DBEF1-79FD-474D-AFFB-7116F18DD360}"
EndProject
Project("{9A19103F-16F7-4668-BE54-9A1E7A4F7556}") = "CookBook.BL", "CookBook.BL\CookBook.BL.csproj", "{C184FD81-DE19-44F9-8EA5-A6B2F186E41E}"
EndProject
Project("{9A19103F-16F7-4668-BE54-9A1E7A4F7556}") = "CookBook.BL.Tests", "CookBook.BL.Tests\CookBook.BL.Tests.csproj", "{1819FF39-8358-4AA1-8510-2FCA88946088}"
EndProject
Global
	GlobalSection(SolutionConfigurationPlatforms) = preSolution
		Debug|Any CPU = Debug|Any CPU
		Release|Any CPU = Release|Any CPU
	EndGlobalSection
	GlobalSection(ProjectConfigurationPlatforms) = postSolution
		{24C67F6D-7167-415E-881F-6B129FE10997}.Debug|Any CPU.ActiveCfg = Debug|Any CPU
		{24C67F6D-7167-415E-881F-6B129FE10997}.Debug|Any CPU.Build.0 = Debug|Any CPU
		{24C67F6D-7167-415E-881F-6B129FE10997}.Release|Any CPU.ActiveCfg = Release|Any CPU
		{24C67F6D-7167-415E-881F-6B129FE10997}.Release|Any CPU.Build.0 = Release|Any CPU
		{C62DBEF1-79FD-474D-AFFB-7116F18DD360}.Debug|Any CPU.ActiveCfg = Debug|Any CPU
		{C62DBEF1-79FD-474D-AFFB-7116F18DD360}.Debug|Any CPU.Build.0 = Debug|Any CPU
		{C62DBEF1-79FD-474D-AFFB-7116F18DD360}.Release|Any CPU.ActiveCfg = Release|Any CPU
		{C62DBEF1-79FD-474D-AFFB-7116F18DD360}.Release|Any CPU.Build.0 = Release|Any CPU
		{C184FD81-DE19-44F9-8EA5-A6B2F186E41E}.Debug|Any CPU.ActiveCfg = Debug|Any CPU
		{C184FD81-DE19-44F9-8EA5-A6B2F186E41E}.Debug|Any CPU.Build.0 = Debug|Any CPU
		{C184FD81-DE19-44F9-8EA5-A6B2F186E41E}.Release|Any CPU.ActiveCfg = Release|Any CPU
		{C184FD81-DE19-44F9-8EA5-A6B2F186E41E}.Release|Any CPU.Build.0 = Release|Any CPU
		{1819FF39-8358-4AA1-8510-2FCA88946088}.Debug|Any CPU.ActiveCfg = Debug|Any CPU
		{1819FF39-8358-4AA1-8510-2FCA88946088}.Debug|Any CPU.Build.0 = Debug|Any CPU
		{1819FF39-8358-4AA1-8510-2FCA88946088}.Release|Any CPU.ActiveCfg = Release|Any CPU
		{1819FF39-8358-4AA1-8510-2FCA88946088}.Release|Any CPU.Build.0 = Release|Any CPU
	EndGlobalSection
	GlobalSection(SolutionProperties) = preSolution
		HideSolutionNode = FALSE
	EndGlobalSection
	GlobalSection(ExtensibilityGlobals) = postSolution
		SolutionGuid = {97537A37-D618-4093-8AB2-05C2779E1D9B}
	EndGlobalSection
EndGlobal
