
Microsoft Visual Studio Solution File, Format Version 12.00
# Visual Studio 15
VisualStudioVersion = 15.0.28307.136
MinimumVisualStudioVersion = 10.0.40219.1
Project("{FAE04EC0-301F-11D3-BF4B-00C04F79EFBC}") = "Exercise_3", "Exercise_3\Exercise_3.csproj", "{2E8EE3C2-DAC7-4FC6-B7DB-A7EFAB583CC1}"
EndProject
Global
	GlobalSection(SolutionConfigurationPlatforms) = preSolution
		Debug|Any CPU = Debug|Any CPU
		Release|Any CPU = Release|Any CPU
	EndGlobalSection
	GlobalSection(ProjectConfigurationPlatforms) = postSolution
		{2E8EE3C2-DAC7-4FC6-B7DB-A7EFAB583CC1}.Debug|Any CPU.ActiveCfg = Debug|Any CPU
		{2E8EE3C2-DAC7-4FC6-B7DB-A7EFAB583CC1}.Debug|Any CPU.Build.0 = Debug|Any CPU
		{2E8EE3C2-DAC7-4FC6-B7DB-A7EFAB583CC1}.Release|Any CPU.ActiveCfg = Release|Any CPU
		{2E8EE3C2-DAC7-4FC6-B7DB-A7EFAB583CC1}.Release|Any CPU.Build.0 = Release|Any CPU
	EndGlobalSection
	GlobalSection(SolutionProperties) = preSolution
		HideSolutionNode = FALSE
	EndGlobalSection
	GlobalSection(ExtensibilityGlobals) = postSolution
		SolutionGuid = {7AB408F7-FE32-4775-B115-E868F8E16B0E}
	EndGlobalSection
EndGlobal
