
Microsoft Visual Studio Solution File, Format Version 12.00
# Visual Studio Version 16
VisualStudioVersion = 16.0.29814.53
MinimumVisualStudioVersion = 10.0.40219.1
Project("{9A19103F-16F7-4668-BE54-9A1E7A4F7556}") = "Examples", "Examples\Examples.csproj", "{7DFB8C8F-924A-4953-A5D3-C9578CECF298}"
EndProject
Project("{9A19103F-16F7-4668-BE54-9A1E7A4F7556}") = "Dapper.DAL", "Dapper.DAL\Dapper.DAL.csproj", "{7FB8F29E-8702-4E81-BDEC-79CC2B0DC72F}"
EndProject
Project("{9A19103F-16F7-4668-BE54-9A1E7A4F7556}") = "Dapper.DAL.Tests", "Dapper.DAL.Tests\Dapper.DAL.Tests.csproj", "{35599E68-5656-4AC3-8BC0-5B28AE0FE111}"
EndProject
Project("{2150E333-8FDC-42A3-9474-1A3956D46DE8}") = "Dapper", "Dapper", "{C932BD93-9D8E-4E80-B1DB-99F781511D4B}"
EndProject
Project("{2150E333-8FDC-42A3-9474-1A3956D46DE8}") = "EntityFrameworkCore", "EntityFrameworkCore", "{3CE2468C-F659-4E1A-AD71-762C4ACBED99}"
EndProject
Project("{2150E333-8FDC-42A3-9474-1A3956D46DE8}") = "ADO.NET", "ADO.NET", "{F771AE84-AD9E-4345-90D5-B14418114DCD}"
EndProject
Project("{9A19103F-16F7-4668-BE54-9A1E7A4F7556}") = "School.DAL", "EntityFramework\School.DAL\School.DAL.csproj", "{332833BC-812E-4BF3-9A25-0CBCDAD32C8A}"
EndProject
Project("{9A19103F-16F7-4668-BE54-9A1E7A4F7556}") = "School.DAL.Tests", "EntityFramework\School.DAL.Tests\School.DAL.Tests.csproj", "{BE6EDF70-7DA6-4A69-BEE5-F53547E7AD46}"
EndProject
Project("{9A19103F-16F7-4668-BE54-9A1E7A4F7556}") = "School.BL", "EntityFramework\School.BL\School.BL.csproj", "{EA3C1AAA-C652-48F6-A6AD-99B04496D751}"
EndProject
Project("{9A19103F-16F7-4668-BE54-9A1E7A4F7556}") = "School.BL.Tests", "EntityFramework\School.BL.Tests\School.BL.Tests.csproj", "{701DF963-EA32-4A8A-9960-D201BF5FD649}"
EndProject
Global
	GlobalSection(SolutionConfigurationPlatforms) = preSolution
		Debug|Any CPU = Debug|Any CPU
		Release|Any CPU = Release|Any CPU
	EndGlobalSection
	GlobalSection(ProjectConfigurationPlatforms) = postSolution
		{7DFB8C8F-924A-4953-A5D3-C9578CECF298}.Debug|Any CPU.ActiveCfg = Debug|Any CPU
		{7DFB8C8F-924A-4953-A5D3-C9578CECF298}.Debug|Any CPU.Build.0 = Debug|Any CPU
		{7DFB8C8F-924A-4953-A5D3-C9578CECF298}.Release|Any CPU.ActiveCfg = Release|Any CPU
		{7DFB8C8F-924A-4953-A5D3-C9578CECF298}.Release|Any CPU.Build.0 = Release|Any CPU
		{7FB8F29E-8702-4E81-BDEC-79CC2B0DC72F}.Debug|Any CPU.ActiveCfg = Debug|Any CPU
		{7FB8F29E-8702-4E81-BDEC-79CC2B0DC72F}.Debug|Any CPU.Build.0 = Debug|Any CPU
		{7FB8F29E-8702-4E81-BDEC-79CC2B0DC72F}.Release|Any CPU.ActiveCfg = Release|Any CPU
		{7FB8F29E-8702-4E81-BDEC-79CC2B0DC72F}.Release|Any CPU.Build.0 = Release|Any CPU
		{35599E68-5656-4AC3-8BC0-5B28AE0FE111}.Debug|Any CPU.ActiveCfg = Debug|Any CPU
		{35599E68-5656-4AC3-8BC0-5B28AE0FE111}.Debug|Any CPU.Build.0 = Debug|Any CPU
		{35599E68-5656-4AC3-8BC0-5B28AE0FE111}.Release|Any CPU.ActiveCfg = Release|Any CPU
		{35599E68-5656-4AC3-8BC0-5B28AE0FE111}.Release|Any CPU.Build.0 = Release|Any CPU
		{332833BC-812E-4BF3-9A25-0CBCDAD32C8A}.Debug|Any CPU.ActiveCfg = Debug|Any CPU
		{332833BC-812E-4BF3-9A25-0CBCDAD32C8A}.Debug|Any CPU.Build.0 = Debug|Any CPU
		{332833BC-812E-4BF3-9A25-0CBCDAD32C8A}.Release|Any CPU.ActiveCfg = Release|Any CPU
		{332833BC-812E-4BF3-9A25-0CBCDAD32C8A}.Release|Any CPU.Build.0 = Release|Any CPU
		{BE6EDF70-7DA6-4A69-BEE5-F53547E7AD46}.Debug|Any CPU.ActiveCfg = Debug|Any CPU
		{BE6EDF70-7DA6-4A69-BEE5-F53547E7AD46}.Debug|Any CPU.Build.0 = Debug|Any CPU
		{BE6EDF70-7DA6-4A69-BEE5-F53547E7AD46}.Release|Any CPU.ActiveCfg = Release|Any CPU
		{BE6EDF70-7DA6-4A69-BEE5-F53547E7AD46}.Release|Any CPU.Build.0 = Release|Any CPU
		{EA3C1AAA-C652-48F6-A6AD-99B04496D751}.Debug|Any CPU.ActiveCfg = Debug|Any CPU
		{EA3C1AAA-C652-48F6-A6AD-99B04496D751}.Debug|Any CPU.Build.0 = Debug|Any CPU
		{EA3C1AAA-C652-48F6-A6AD-99B04496D751}.Release|Any CPU.ActiveCfg = Release|Any CPU
		{EA3C1AAA-C652-48F6-A6AD-99B04496D751}.Release|Any CPU.Build.0 = Release|Any CPU
		{701DF963-EA32-4A8A-9960-D201BF5FD649}.Debug|Any CPU.ActiveCfg = Debug|Any CPU
		{701DF963-EA32-4A8A-9960-D201BF5FD649}.Debug|Any CPU.Build.0 = Debug|Any CPU
		{701DF963-EA32-4A8A-9960-D201BF5FD649}.Release|Any CPU.ActiveCfg = Release|Any CPU
		{701DF963-EA32-4A8A-9960-D201BF5FD649}.Release|Any CPU.Build.0 = Release|Any CPU
	EndGlobalSection
	GlobalSection(SolutionProperties) = preSolution
		HideSolutionNode = FALSE
	EndGlobalSection
	GlobalSection(NestedProjects) = preSolution
		{7DFB8C8F-924A-4953-A5D3-C9578CECF298} = {F771AE84-AD9E-4345-90D5-B14418114DCD}
		{7FB8F29E-8702-4E81-BDEC-79CC2B0DC72F} = {C932BD93-9D8E-4E80-B1DB-99F781511D4B}
		{35599E68-5656-4AC3-8BC0-5B28AE0FE111} = {C932BD93-9D8E-4E80-B1DB-99F781511D4B}
		{332833BC-812E-4BF3-9A25-0CBCDAD32C8A} = {3CE2468C-F659-4E1A-AD71-762C4ACBED99}
		{BE6EDF70-7DA6-4A69-BEE5-F53547E7AD46} = {3CE2468C-F659-4E1A-AD71-762C4ACBED99}
		{EA3C1AAA-C652-48F6-A6AD-99B04496D751} = {3CE2468C-F659-4E1A-AD71-762C4ACBED99}
		{701DF963-EA32-4A8A-9960-D201BF5FD649} = {3CE2468C-F659-4E1A-AD71-762C4ACBED99}
	EndGlobalSection
	GlobalSection(ExtensibilityGlobals) = postSolution
		SolutionGuid = {6C9E8541-6E39-48F7-A72C-A056D253EDE2}
	EndGlobalSection
EndGlobal
