
Microsoft Visual Studio Solution File, Format Version 12.00
# Visual Studio Version 16
VisualStudioVersion = 16.0.28705.295
MinimumVisualStudioVersion = 10.0.40219.1
Project("{9A19103F-16F7-4668-BE54-9A1E7A4F7556}") = "CookBook.DAL", "CookBook.DAL\CookBook.DAL.csproj", "{24C67F6D-7167-415E-881F-6B129FE10997}"
EndProject
Project("{9A19103F-16F7-4668-BE54-9A1E7A4F7556}") = "CookBook.DAL.Tests", "CookBook.DAL.Tests\CookBook.DAL.Tests.csproj", "{C62DBEF1-79FD-474D-AFFB-7116F18DD360}"
EndProject
Project("{FAE04EC0-301F-11D3-BF4B-00C04F79EFBC}") = "CookBook.DAL.Seed", "CookBook.DAL.Seed\CookBook.DAL.Seed.csproj", "{B4CC0F67-AA92-4338-AD97-D89EFD60CEFE}"
EndProject
Global
	GlobalSection(SolutionConfigurationPlatforms) = preSolution
		Debug|Any CPU = Debug|Any CPU
		Release|Any CPU = Release|Any CPU
	EndGlobalSection
	GlobalSection(ProjectConfigurationPlatforms) = postSolution
		{24C67F6D-7167-415E-881F-6B129FE10997}.Debug|Any CPU.ActiveCfg = Debug|Any CPU
		{24C67F6D-7167-415E-881F-6B129FE10997}.Debug|Any CPU.Build.0 = Debug|Any CPU
		{24C67F6D-7167-415E-881F-6B129FE10997}.Release|Any CPU.ActiveCfg = Release|Any CPU
		{24C67F6D-7167-415E-881F-6B129FE10997}.Release|Any CPU.Build.0 = Release|Any CPU
		{C62DBEF1-79FD-474D-AFFB-7116F18DD360}.Debug|Any CPU.ActiveCfg = Debug|Any CPU
		{C62DBEF1-79FD-474D-AFFB-7116F18DD360}.Debug|Any CPU.Build.0 = Debug|Any CPU
		{C62DBEF1-79FD-474D-AFFB-7116F18DD360}.Release|Any CPU.ActiveCfg = Release|Any CPU
		{C62DBEF1-79FD-474D-AFFB-7116F18DD360}.Release|Any CPU.Build.0 = Release|Any CPU
		{B4CC0F67-AA92-4338-AD97-D89EFD60CEFE}.Debug|Any CPU.ActiveCfg = Debug|Any CPU
		{B4CC0F67-AA92-4338-AD97-D89EFD60CEFE}.Debug|Any CPU.Build.0 = Debug|Any CPU
		{B4CC0F67-AA92-4338-AD97-D89EFD60CEFE}.Release|Any CPU.ActiveCfg = Release|Any CPU
		{B4CC0F67-AA92-4338-AD97-D89EFD60CEFE}.Release|Any CPU.Build.0 = Release|Any CPU
	EndGlobalSection
	GlobalSection(SolutionProperties) = preSolution
		HideSolutionNode = FALSE
	EndGlobalSection
	GlobalSection(ExtensibilityGlobals) = postSolution
		SolutionGuid = {97537A37-D618-4093-8AB2-05C2779E1D9B}
	EndGlobalSection
EndGlobal
