
Microsoft Visual Studio Solution File, Format Version 12.00
# Visual Studio Version 16
VisualStudioVersion = 16.0.28729.10
MinimumVisualStudioVersion = 10.0.40219.1
Project("{FAE04EC0-301F-11D3-BF4B-00C04F79EFBC}") = "Generations", "Generations\Generations.csproj", "{116CD1EE-21B8-4E92-9C8E-1B2D6D6A0225}"
EndProject
Project("{FAE04EC0-301F-11D3-BF4B-00C04F79EFBC}") = "IDisposableExample", "IDisposableExample\IDisposableExample.csproj", "{EF6DC91E-F364-41A4-8641-7A7B25450C7D}"
EndProject
Project("{FAE04EC0-301F-11D3-BF4B-00C04F79EFBC}") = "WeakReferenceExample", "WeakReferenceExample\WeakReferenceExample.csproj", "{68D5AB41-FBCF-4F82-8C36-26813041D1D6}"
EndProject
Project("{FAE04EC0-301F-11D3-BF4B-00C04F79EFBC}") = "ClassVsStruct", "ClassVsStruct\ClassVsStruct.csproj", "{CCB8CF3F-CDE4-4D81-BCD9-A29040E0FE83}"
EndProject
Project("{FAE04EC0-301F-11D3-BF4B-00C04F79EFBC}") = "DataTypes", "DataTypes\DataTypes.csproj", "{4DF8BE48-1058-4CC9-B654-2DF685E4116F}"
EndProject
Project("{FAE04EC0-301F-11D3-BF4B-00C04F79EFBC}") = "WeakReferenceGenericExample", "GenericWeakReferenceExample\WeakReferenceGenericExample.csproj", "{68B8947E-5DB6-49F7-8CCE-BB0628E574D6}"
EndProject
Project("{FAE04EC0-301F-11D3-BF4B-00C04F79EFBC}") = "LargeObject", "LargeObject\LargeObject.csproj", "{62D1BBF5-12A3-4DEE-8020-D2BBE3DA99F2}"
EndProject
Project("{FAE04EC0-301F-11D3-BF4B-00C04F79EFBC}") = "ValueVsRef", "ValueVsRef\ValueVsRef.csproj", "{C663E13E-2297-4825-95A9-30EF61858ED4}"
EndProject
Global
	GlobalSection(SolutionConfigurationPlatforms) = preSolution
		Debug|Any CPU = Debug|Any CPU
		Release|Any CPU = Release|Any CPU
	EndGlobalSection
	GlobalSection(ProjectConfigurationPlatforms) = postSolution
		{116CD1EE-21B8-4E92-9C8E-1B2D6D6A0225}.Debug|Any CPU.ActiveCfg = Debug|Any CPU
		{116CD1EE-21B8-4E92-9C8E-1B2D6D6A0225}.Debug|Any CPU.Build.0 = Debug|Any CPU
		{116CD1EE-21B8-4E92-9C8E-1B2D6D6A0225}.Release|Any CPU.ActiveCfg = Release|Any CPU
		{116CD1EE-21B8-4E92-9C8E-1B2D6D6A0225}.Release|Any CPU.Build.0 = Release|Any CPU
		{EF6DC91E-F364-41A4-8641-7A7B25450C7D}.Debug|Any CPU.ActiveCfg = Debug|Any CPU
		{EF6DC91E-F364-41A4-8641-7A7B25450C7D}.Debug|Any CPU.Build.0 = Debug|Any CPU
		{EF6DC91E-F364-41A4-8641-7A7B25450C7D}.Release|Any CPU.ActiveCfg = Release|Any CPU
		{EF6DC91E-F364-41A4-8641-7A7B25450C7D}.Release|Any CPU.Build.0 = Release|Any CPU
		{68D5AB41-FBCF-4F82-8C36-26813041D1D6}.Debug|Any CPU.ActiveCfg = Debug|Any CPU
		{68D5AB41-FBCF-4F82-8C36-26813041D1D6}.Debug|Any CPU.Build.0 = Debug|Any CPU
		{68D5AB41-FBCF-4F82-8C36-26813041D1D6}.Release|Any CPU.ActiveCfg = Release|Any CPU
		{68D5AB41-FBCF-4F82-8C36-26813041D1D6}.Release|Any CPU.Build.0 = Release|Any CPU
		{CCB8CF3F-CDE4-4D81-BCD9-A29040E0FE83}.Debug|Any CPU.ActiveCfg = Debug|Any CPU
		{CCB8CF3F-CDE4-4D81-BCD9-A29040E0FE83}.Debug|Any CPU.Build.0 = Debug|Any CPU
		{CCB8CF3F-CDE4-4D81-BCD9-A29040E0FE83}.Release|Any CPU.ActiveCfg = Release|Any CPU
		{CCB8CF3F-CDE4-4D81-BCD9-A29040E0FE83}.Release|Any CPU.Build.0 = Release|Any CPU
		{4DF8BE48-1058-4CC9-B654-2DF685E4116F}.Debug|Any CPU.ActiveCfg = Debug|Any CPU
		{4DF8BE48-1058-4CC9-B654-2DF685E4116F}.Debug|Any CPU.Build.0 = Debug|Any CPU
		{4DF8BE48-1058-4CC9-B654-2DF685E4116F}.Release|Any CPU.ActiveCfg = Release|Any CPU
		{4DF8BE48-1058-4CC9-B654-2DF685E4116F}.Release|Any CPU.Build.0 = Release|Any CPU
		{68B8947E-5DB6-49F7-8CCE-BB0628E574D6}.Debug|Any CPU.ActiveCfg = Debug|Any CPU
		{68B8947E-5DB6-49F7-8CCE-BB0628E574D6}.Debug|Any CPU.Build.0 = Debug|Any CPU
		{68B8947E-5DB6-49F7-8CCE-BB0628E574D6}.Release|Any CPU.ActiveCfg = Release|Any CPU
		{68B8947E-5DB6-49F7-8CCE-BB0628E574D6}.Release|Any CPU.Build.0 = Release|Any CPU
		{62D1BBF5-12A3-4DEE-8020-D2BBE3DA99F2}.Debug|Any CPU.ActiveCfg = Debug|Any CPU
		{62D1BBF5-12A3-4DEE-8020-D2BBE3DA99F2}.Debug|Any CPU.Build.0 = Debug|Any CPU
		{62D1BBF5-12A3-4DEE-8020-D2BBE3DA99F2}.Release|Any CPU.ActiveCfg = Release|Any CPU
		{62D1BBF5-12A3-4DEE-8020-D2BBE3DA99F2}.Release|Any CPU.Build.0 = Release|Any CPU
		{C663E13E-2297-4825-95A9-30EF61858ED4}.Debug|Any CPU.ActiveCfg = Debug|Any CPU
		{C663E13E-2297-4825-95A9-30EF61858ED4}.Debug|Any CPU.Build.0 = Debug|Any CPU
		{C663E13E-2297-4825-95A9-30EF61858ED4}.Release|Any CPU.ActiveCfg = Release|Any CPU
		{C663E13E-2297-4825-95A9-30EF61858ED4}.Release|Any CPU.Build.0 = Release|Any CPU
	EndGlobalSection
	GlobalSection(SolutionProperties) = preSolution
		HideSolutionNode = FALSE
	EndGlobalSection
	GlobalSection(ExtensibilityGlobals) = postSolution
		SolutionGuid = {655F3374-DE4F-4CEE-BABA-C96558DA2188}
	EndGlobalSection
EndGlobal
