
Microsoft Visual Studio Solution File, Format Version 12.00
# Visual Studio 2012
Project("{FAE04EC0-301F-11D3-BF4B-00C04F79EFBC}") = "GameOfLife", "GameOfLife\GameOfLife.csproj", "{BDFD7BAE-9744-44C4-8259-B3757F24B245}"
EndProject
Global
	GlobalSection(SolutionConfigurationPlatforms) = preSolution
		Debug|Any CPU = Debug|Any CPU
		Release|Any CPU = Release|Any CPU
	EndGlobalSection
	GlobalSection(ProjectConfigurationPlatforms) = postSolution
		{BDFD7BAE-9744-44C4-8259-B3757F24B245}.Debug|Any CPU.ActiveCfg = Debug|Any CPU
		{BDFD7BAE-9744-44C4-8259-B3757F24B245}.Debug|Any CPU.Build.0 = Debug|Any CPU
		{BDFD7BAE-9744-44C4-8259-B3757F24B245}.Release|Any CPU.ActiveCfg = Release|Any CPU
		{BDFD7BAE-9744-44C4-8259-B3757F24B245}.Release|Any CPU.Build.0 = Release|Any CPU
	EndGlobalSection
	GlobalSection(SolutionProperties) = preSolution
		HideSolutionNode = FALSE
	EndGlobalSection
EndGlobal
