
Microsoft Visual Studio Solution File, Format Version 12.00
# Visual Studio 15
VisualStudioVersion = 15.0.27703.2047
MinimumVisualStudioVersion = 10.0.40219.1
Project("{FAE04EC0-301F-11D3-BF4B-00C04F79EFBC}") = "Tests", "Tests\Tests.csproj", "{4DB2AC60-A033-416E-B75F-C126D66BA650}"
EndProject
Project("{FAE04EC0-301F-11D3-BF4B-00C04F79EFBC}") = "Example", "Example\Example.csproj", "{610E58AC-8827-415B-8069-CA9E6B534E1A}"
EndProject
Global
	GlobalSection(SolutionConfigurationPlatforms) = preSolution
		Debug|Any CPU = Debug|Any CPU
		Release|Any CPU = Release|Any CPU
	EndGlobalSection
	GlobalSection(ProjectConfigurationPlatforms) = postSolution
		{4DB2AC60-A033-416E-B75F-C126D66BA650}.Debug|Any CPU.ActiveCfg = Debug|Any CPU
		{4DB2AC60-A033-416E-B75F-C126D66BA650}.Debug|Any CPU.Build.0 = Debug|Any CPU
		{4DB2AC60-A033-416E-B75F-C126D66BA650}.Release|Any CPU.ActiveCfg = Release|Any CPU
		{4DB2AC60-A033-416E-B75F-C126D66BA650}.Release|Any CPU.Build.0 = Release|Any CPU
		{610E58AC-8827-415B-8069-CA9E6B534E1A}.Debug|Any CPU.ActiveCfg = Debug|Any CPU
		{610E58AC-8827-415B-8069-CA9E6B534E1A}.Debug|Any CPU.Build.0 = Debug|Any CPU
		{610E58AC-8827-415B-8069-CA9E6B534E1A}.Release|Any CPU.ActiveCfg = Release|Any CPU
		{610E58AC-8827-415B-8069-CA9E6B534E1A}.Release|Any CPU.Build.0 = Release|Any CPU
	EndGlobalSection
	GlobalSection(SolutionProperties) = preSolution
		HideSolutionNode = FALSE
	EndGlobalSection
	GlobalSection(ExtensibilityGlobals) = postSolution
		SolutionGuid = {D7808546-FF2B-4FC0-ADE2-5966599519D9}
	EndGlobalSection
EndGlobal
