
Microsoft Visual Studio Solution File, Format Version 12.00
# Visual Studio Version 16
VisualStudioVersion = 16.0.28714.193
MinimumVisualStudioVersion = 10.0.40219.1
Project("{FAE04EC0-301F-11D3-BF4B-00C04F79EFBC}") = "HelloWpf", "HelloWpf\HelloWpf.csproj", "{B4EC5242-AC52-4A65-A6D8-6C392C686D9D}"
EndProject
Project("{FAE04EC0-301F-11D3-BF4B-00C04F79EFBC}") = "Sample.App", "Sample.App\Sample.App.csproj", "{82134682-9707-4037-9E75-C3641820D7A5}"
EndProject
Project("{FAE04EC0-301F-11D3-BF4B-00C04F79EFBC}") = "CustomControl", "CustomControl\CustomControl.csproj", "{EFB0D2DD-9878-491D-894B-541A7AFE7B80}"
EndProject
Project("{FAE04EC0-301F-11D3-BF4B-00C04F79EFBC}") = "CollectionBinding", "CollectionBinding\CollectionBinding.csproj", "{A635B7A6-41A9-4CC3-B180-D371CA65480D}"
EndProject
Project("{FAE04EC0-301F-11D3-BF4B-00C04F79EFBC}") = "OpeningWindow", "OpeningWindow\OpeningWindow.csproj", "{E827974F-2741-471A-9381-98749BD778E5}"
EndProject
Project("{FAE04EC0-301F-11D3-BF4B-00C04F79EFBC}") = "DemoWPF", "DemoWPF\DemoWPF.csproj", "{7E20A114-37B1-4D94-9E6E-DEDDD4CFEEB3}"
EndProject
Global
	GlobalSection(SolutionConfigurationPlatforms) = preSolution
		Debug|Any CPU = Debug|Any CPU
		Release|Any CPU = Release|Any CPU
	EndGlobalSection
	GlobalSection(ProjectConfigurationPlatforms) = postSolution
		{B4EC5242-AC52-4A65-A6D8-6C392C686D9D}.Debug|Any CPU.ActiveCfg = Debug|Any CPU
		{B4EC5242-AC52-4A65-A6D8-6C392C686D9D}.Debug|Any CPU.Build.0 = Debug|Any CPU
		{B4EC5242-AC52-4A65-A6D8-6C392C686D9D}.Release|Any CPU.ActiveCfg = Release|Any CPU
		{B4EC5242-AC52-4A65-A6D8-6C392C686D9D}.Release|Any CPU.Build.0 = Release|Any CPU
		{82134682-9707-4037-9E75-C3641820D7A5}.Debug|Any CPU.ActiveCfg = Debug|Any CPU
		{82134682-9707-4037-9E75-C3641820D7A5}.Debug|Any CPU.Build.0 = Debug|Any CPU
		{82134682-9707-4037-9E75-C3641820D7A5}.Release|Any CPU.ActiveCfg = Release|Any CPU
		{82134682-9707-4037-9E75-C3641820D7A5}.Release|Any CPU.Build.0 = Release|Any CPU
		{EFB0D2DD-9878-491D-894B-541A7AFE7B80}.Debug|Any CPU.ActiveCfg = Debug|Any CPU
		{EFB0D2DD-9878-491D-894B-541A7AFE7B80}.Debug|Any CPU.Build.0 = Debug|Any CPU
		{EFB0D2DD-9878-491D-894B-541A7AFE7B80}.Release|Any CPU.ActiveCfg = Release|Any CPU
		{EFB0D2DD-9878-491D-894B-541A7AFE7B80}.Release|Any CPU.Build.0 = Release|Any CPU
		{A635B7A6-41A9-4CC3-B180-D371CA65480D}.Debug|Any CPU.ActiveCfg = Debug|Any CPU
		{A635B7A6-41A9-4CC3-B180-D371CA65480D}.Debug|Any CPU.Build.0 = Debug|Any CPU
		{A635B7A6-41A9-4CC3-B180-D371CA65480D}.Release|Any CPU.ActiveCfg = Release|Any CPU
		{A635B7A6-41A9-4CC3-B180-D371CA65480D}.Release|Any CPU.Build.0 = Release|Any CPU
		{E827974F-2741-471A-9381-98749BD778E5}.Debug|Any CPU.ActiveCfg = Debug|Any CPU
		{E827974F-2741-471A-9381-98749BD778E5}.Debug|Any CPU.Build.0 = Debug|Any CPU
		{E827974F-2741-471A-9381-98749BD778E5}.Release|Any CPU.ActiveCfg = Release|Any CPU
		{E827974F-2741-471A-9381-98749BD778E5}.Release|Any CPU.Build.0 = Release|Any CPU
		{7E20A114-37B1-4D94-9E6E-DEDDD4CFEEB3}.Debug|Any CPU.ActiveCfg = Debug|Any CPU
		{7E20A114-37B1-4D94-9E6E-DEDDD4CFEEB3}.Debug|Any CPU.Build.0 = Debug|Any CPU
		{7E20A114-37B1-4D94-9E6E-DEDDD4CFEEB3}.Release|Any CPU.ActiveCfg = Release|Any CPU
		{7E20A114-37B1-4D94-9E6E-DEDDD4CFEEB3}.Release|Any CPU.Build.0 = Release|Any CPU
	EndGlobalSection
	GlobalSection(SolutionProperties) = preSolution
		HideSolutionNode = FALSE
	EndGlobalSection
	GlobalSection(ExtensibilityGlobals) = postSolution
		SolutionGuid = {04873FCE-736C-40B3-A995-DDAF4EEC9E6F}
	EndGlobalSection
EndGlobal
