
Microsoft Visual Studio Solution File, Format Version 12.00
# Visual Studio 15
VisualStudioVersion = 15.0.28307.271
MinimumVisualStudioVersion = 10.0.40219.1
Project("{9A19103F-16F7-4668-BE54-9A1E7A4F7556}") = "FIT.EFCore.Sample.DAL", "FIT.EFCore.Sample.DAL\FIT.EFCore.Sample.DAL.csproj", "{2D1C63D0-0887-4403-9FE6-1BA5A20C1E57}"
EndProject
Project("{2150E333-8FDC-42A3-9474-1A3956D46DE8}") = "Tests", "Tests", "{8987CDDA-9F1D-41A1-A610-C0C444CA5750}"
EndProject
Project("{9A19103F-16F7-4668-BE54-9A1E7A4F7556}") = "FIT.EFCore.Sample.DAL.Tests", "Tests\FIT.EFCore.Sample.DAL.Tests\FIT.EFCore.Sample.DAL.Tests.csproj", "{0C6CCB07-480C-471F-8F28-050A16A00D03}"
EndProject
Project("{FAE04EC0-301F-11D3-BF4B-00C04F79EFBC}") = "FIT.EFCore.Sample.BL", "FIT.EFCore.Sample.BL\FIT.EFCore.Sample.BL.csproj", "{D4B59F97-3408-4C5F-85C0-65611505B8B8}"
EndProject
Project("{FAE04EC0-301F-11D3-BF4B-00C04F79EFBC}") = "FIT.EFCore.Sample.BL.Tests", "FIT.EFCore.Sample.BL.Tests\FIT.EFCore.Sample.BL.Tests.csproj", "{1C8028BC-CC6F-4F6D-A2A1-1A6B89EACAD4}"
EndProject
Project("{FAE04EC0-301F-11D3-BF4B-00C04F79EFBC}") = "FIT.EFCore.Sample.App", "FIT.EFCore.Sample.App\FIT.EFCore.Sample.App.csproj", "{3E564F42-AD92-4050-A12D-4FBCB214BFF7}"
EndProject
Global
	GlobalSection(SolutionConfigurationPlatforms) = preSolution
		Debug|Any CPU = Debug|Any CPU
		Release|Any CPU = Release|Any CPU
	EndGlobalSection
	GlobalSection(ProjectConfigurationPlatforms) = postSolution
		{2D1C63D0-0887-4403-9FE6-1BA5A20C1E57}.Debug|Any CPU.ActiveCfg = Debug|Any CPU
		{2D1C63D0-0887-4403-9FE6-1BA5A20C1E57}.Debug|Any CPU.Build.0 = Debug|Any CPU
		{2D1C63D0-0887-4403-9FE6-1BA5A20C1E57}.Release|Any CPU.ActiveCfg = Release|Any CPU
		{2D1C63D0-0887-4403-9FE6-1BA5A20C1E57}.Release|Any CPU.Build.0 = Release|Any CPU
		{0C6CCB07-480C-471F-8F28-050A16A00D03}.Debug|Any CPU.ActiveCfg = Debug|Any CPU
		{0C6CCB07-480C-471F-8F28-050A16A00D03}.Debug|Any CPU.Build.0 = Debug|Any CPU
		{0C6CCB07-480C-471F-8F28-050A16A00D03}.Release|Any CPU.ActiveCfg = Release|Any CPU
		{0C6CCB07-480C-471F-8F28-050A16A00D03}.Release|Any CPU.Build.0 = Release|Any CPU
		{D4B59F97-3408-4C5F-85C0-65611505B8B8}.Debug|Any CPU.ActiveCfg = Debug|Any CPU
		{D4B59F97-3408-4C5F-85C0-65611505B8B8}.Debug|Any CPU.Build.0 = Debug|Any CPU
		{D4B59F97-3408-4C5F-85C0-65611505B8B8}.Release|Any CPU.ActiveCfg = Release|Any CPU
		{D4B59F97-3408-4C5F-85C0-65611505B8B8}.Release|Any CPU.Build.0 = Release|Any CPU
		{1C8028BC-CC6F-4F6D-A2A1-1A6B89EACAD4}.Debug|Any CPU.ActiveCfg = Debug|Any CPU
		{1C8028BC-CC6F-4F6D-A2A1-1A6B89EACAD4}.Debug|Any CPU.Build.0 = Debug|Any CPU
		{1C8028BC-CC6F-4F6D-A2A1-1A6B89EACAD4}.Release|Any CPU.ActiveCfg = Release|Any CPU
		{1C8028BC-CC6F-4F6D-A2A1-1A6B89EACAD4}.Release|Any CPU.Build.0 = Release|Any CPU
		{3E564F42-AD92-4050-A12D-4FBCB214BFF7}.Debug|Any CPU.ActiveCfg = Debug|Any CPU
		{3E564F42-AD92-4050-A12D-4FBCB214BFF7}.Debug|Any CPU.Build.0 = Debug|Any CPU
		{3E564F42-AD92-4050-A12D-4FBCB214BFF7}.Release|Any CPU.ActiveCfg = Release|Any CPU
		{3E564F42-AD92-4050-A12D-4FBCB214BFF7}.Release|Any CPU.Build.0 = Release|Any CPU
	EndGlobalSection
	GlobalSection(SolutionProperties) = preSolution
		HideSolutionNode = FALSE
	EndGlobalSection
	GlobalSection(NestedProjects) = preSolution
		{0C6CCB07-480C-471F-8F28-050A16A00D03} = {8987CDDA-9F1D-41A1-A610-C0C444CA5750}
		{1C8028BC-CC6F-4F6D-A2A1-1A6B89EACAD4} = {8987CDDA-9F1D-41A1-A610-C0C444CA5750}
	EndGlobalSection
	GlobalSection(ExtensibilityGlobals) = postSolution
		SolutionGuid = {7AFD0D87-6A0E-4290-9EA0-FCC8D05E24F8}
	EndGlobalSection
EndGlobal
