
Microsoft Visual Studio Solution File, Format Version 12.00
# Visual Studio 15
VisualStudioVersion = 15.0.28307.539
MinimumVisualStudioVersion = 10.0.40219.1
Project("{FAE04EC0-301F-11D3-BF4B-00C04F79EFBC}") = "Calculators.Engine", "Calculators.Engine\Calculators.Engine.csproj", "{93713DBF-E577-4294-9127-FE6DD77574C7}"
EndProject
Project("{FAE04EC0-301F-11D3-BF4B-00C04F79EFBC}") = "Calculator.Engine.Tests", "Calculator.Engine.Tests\Calculator.Engine.Tests.csproj", "{705CF9A9-50F1-47A6-A02B-BE8A4ED71C71}"
EndProject
Global
	GlobalSection(SolutionConfigurationPlatforms) = preSolution
		Debug|Any CPU = Debug|Any CPU
		Release|Any CPU = Release|Any CPU
	EndGlobalSection
	GlobalSection(ProjectConfigurationPlatforms) = postSolution
		{93713DBF-E577-4294-9127-FE6DD77574C7}.Debug|Any CPU.ActiveCfg = Debug|Any CPU
		{93713DBF-E577-4294-9127-FE6DD77574C7}.Debug|Any CPU.Build.0 = Debug|Any CPU
		{93713DBF-E577-4294-9127-FE6DD77574C7}.Release|Any CPU.ActiveCfg = Release|Any CPU
		{93713DBF-E577-4294-9127-FE6DD77574C7}.Release|Any CPU.Build.0 = Release|Any CPU
		{705CF9A9-50F1-47A6-A02B-BE8A4ED71C71}.Debug|Any CPU.ActiveCfg = Debug|Any CPU
		{705CF9A9-50F1-47A6-A02B-BE8A4ED71C71}.Debug|Any CPU.Build.0 = Debug|Any CPU
		{705CF9A9-50F1-47A6-A02B-BE8A4ED71C71}.Release|Any CPU.ActiveCfg = Release|Any CPU
		{705CF9A9-50F1-47A6-A02B-BE8A4ED71C71}.Release|Any CPU.Build.0 = Release|Any CPU
	EndGlobalSection
	GlobalSection(SolutionProperties) = preSolution
		HideSolutionNode = FALSE
	EndGlobalSection
	GlobalSection(ExtensibilityGlobals) = postSolution
		SolutionGuid = {0F209C77-62D7-4D30-A9EF-468236D98063}
	EndGlobalSection
EndGlobal
