
Microsoft Visual Studio Solution File, Format Version 12.00
# Visual Studio 15
VisualStudioVersion = 15.0.28307.539
MinimumVisualStudioVersion = 10.0.40219.1
Project("{FAE04EC0-301F-11D3-BF4B-00C04F79EFBC}") = "ConsoleCalculator", "ConsoleCalculator\ConsoleCalculator.csproj", "{2D127731-C13B-4998-A552-865B2A8A9FAD}"
EndProject
Project("{FAE04EC0-301F-11D3-BF4B-00C04F79EFBC}") = "ConsoleCalculator.Tests", "ConsoleCalculator.Tests\ConsoleCalculator.Tests.csproj", "{0A707B23-8518-4B31-BF28-9B47F26662BB}"
EndProject
Global
	GlobalSection(SolutionConfigurationPlatforms) = preSolution
		Debug|Any CPU = Debug|Any CPU
		Release|Any CPU = Release|Any CPU
	EndGlobalSection
	GlobalSection(ProjectConfigurationPlatforms) = postSolution
		{2D127731-C13B-4998-A552-865B2A8A9FAD}.Debug|Any CPU.ActiveCfg = Debug|Any CPU
		{2D127731-C13B-4998-A552-865B2A8A9FAD}.Debug|Any CPU.Build.0 = Debug|Any CPU
		{2D127731-C13B-4998-A552-865B2A8A9FAD}.Release|Any CPU.ActiveCfg = Release|Any CPU
		{2D127731-C13B-4998-A552-865B2A8A9FAD}.Release|Any CPU.Build.0 = Release|Any CPU
		{0A707B23-8518-4B31-BF28-9B47F26662BB}.Debug|Any CPU.ActiveCfg = Debug|Any CPU
		{0A707B23-8518-4B31-BF28-9B47F26662BB}.Debug|Any CPU.Build.0 = Debug|Any CPU
		{0A707B23-8518-4B31-BF28-9B47F26662BB}.Release|Any CPU.ActiveCfg = Release|Any CPU
		{0A707B23-8518-4B31-BF28-9B47F26662BB}.Release|Any CPU.Build.0 = Release|Any CPU
	EndGlobalSection
	GlobalSection(SolutionProperties) = preSolution
		HideSolutionNode = FALSE
	EndGlobalSection
	GlobalSection(ExtensibilityGlobals) = postSolution
		SolutionGuid = {0DD29791-99EE-49F6-BDBD-EFCDC88187FA}
	EndGlobalSection
EndGlobal
